// !$*UTF8*$!
{
	archiveVersion = 1;
	classes = {
	};
	objectVersion = 50;
	objects = {

/* Begin PBXBuildFile section */
		3F79390C21EAE019003A590F /* AppDelegate.swift in Sources */ = {isa = PBXBuildFile; fileRef = 3F79390B21EAE019003A590F /* AppDelegate.swift */; };
		3F79391021EAE019003A590F /* Actions.sks in Resources */ = {isa = PBXBuildFile; fileRef = 3F79390F21EAE019003A590F /* Actions.sks */; };
		3F79391221EAE019003A590F /* GameScene.swift in Sources */ = {isa = PBXBuildFile; fileRef = 3F79391121EAE019003A590F /* GameScene.swift */; };
		3F79391721EAE019003A590F /* Main.storyboard in Resources */ = {isa = PBXBuildFile; fileRef = 3F79391521EAE019003A590F /* Main.storyboard */; };
		3F79391C21EAE01B003A590F /* LaunchScreen.storyboard in Resources */ = {isa = PBXBuildFile; fileRef = 3F79391A21EAE01B003A590F /* LaunchScreen.storyboard */; };
		3F79392621EAE873003A590F /* LoginSceneController.swift in Sources */ = {isa = PBXBuildFile; fileRef = 3F79392521EAE873003A590F /* LoginSceneController.swift */; };
		3F79392821EBBEDF003A590F /* GameSceneViewController.swift in Sources */ = {isa = PBXBuildFile; fileRef = 3F79392721EBBEDF003A590F /* GameSceneViewController.swift */; };
		3F79392A21EC1363003A590F /* Deck.swift in Sources */ = {isa = PBXBuildFile; fileRef = 3F79392921EC1363003A590F /* Deck.swift */; };
		3F79392C21EC13B4003A590F /* Card.swift in Sources */ = {isa = PBXBuildFile; fileRef = 3F79392B21EC13B4003A590F /* Card.swift */; };
		3F79392E21EC1832003A590F /* JokerType.swift in Sources */ = {isa = PBXBuildFile; fileRef = 3F79392D21EC1832003A590F /* JokerType.swift */; };
		3F79393021EC1958003A590F /* NumCard.swift in Sources */ = {isa = PBXBuildFile; fileRef = 3F79392F21EC1958003A590F /* NumCard.swift */; };
		3F79393221EC196F003A590F /* JokerCard.swift in Sources */ = {isa = PBXBuildFile; fileRef = 3F79393121EC196F003A590F /* JokerCard.swift */; };
		3F79393421EC1A3A003A590F /* utilities.swift in Sources */ = {isa = PBXBuildFile; fileRef = 3F79393321EC1A3A003A590F /* utilities.swift */; };
		3F79393621EC1F17003A590F /* FTButtonNode.swift in Sources */ = {isa = PBXBuildFile; fileRef = 3F79393521EC1F17003A590F /* FTButtonNode.swift */; };
		3F79393A21EC3089003A590F /* DouDiZhuGame.swift in Sources */ = {isa = PBXBuildFile; fileRef = 3F79393921EC3089003A590F /* DouDiZhuGame.swift */; };
		3F79394421ED818A003A590F /* CardButtonNode.swift in Sources */ = {isa = PBXBuildFile; fileRef = 3F79394321ED818A003A590F /* CardButtonNode.swift */; };
		3F79394621F02814003A590F /* Assets.xcassets in Resources */ = {isa = PBXBuildFile; fileRef = 3F79394521F02814003A590F /* Assets.xcassets */; };
		3F79394821F2C061003A590F /* Player.swift in Sources */ = {isa = PBXBuildFile; fileRef = 3F79394721F2C061003A590F /* Player.swift */; };
		3F79394A21F2C0BE003A590F /* ComputerPlayer.swift in Sources */ = {isa = PBXBuildFile; fileRef = 3F79394921F2C0BE003A590F /* ComputerPlayer.swift */; };
		3F79394C21F2C586003A590F /* HumanPlayer.swift in Sources */ = {isa = PBXBuildFile; fileRef = 3F79394B21F2C586003A590F /* HumanPlayer.swift */; };
/* End PBXBuildFile section */

/* Begin PBXFileReference section */
		3F79390821EAE019003A590F /* DouDiZhuAI.app */ = {isa = PBXFileReference; explicitFileType = wrapper.application; includeInIndex = 0; path = DouDiZhuAI.app; sourceTree = BUILT_PRODUCTS_DIR; };
		3F79390B21EAE019003A590F /* AppDelegate.swift */ = {isa = PBXFileReference; lastKnownFileType = sourcecode.swift; path = AppDelegate.swift; sourceTree = "<group>"; };
		3F79390F21EAE019003A590F /* Actions.sks */ = {isa = PBXFileReference; lastKnownFileType = file.sks; path = Actions.sks; sourceTree = "<group>"; };
		3F79391121EAE019003A590F /* GameScene.swift */ = {isa = PBXFileReference; lastKnownFileType = sourcecode.swift; path = GameScene.swift; sourceTree = "<group>"; };
		3F79391621EAE019003A590F /* Base */ = {isa = PBXFileReference; lastKnownFileType = file.storyboard; name = Base; path = Base.lproj/Main.storyboard; sourceTree = "<group>"; };
		3F79391B21EAE01B003A590F /* Base */ = {isa = PBXFileReference; lastKnownFileType = file.storyboard; name = Base; path = Base.lproj/LaunchScreen.storyboard; sourceTree = "<group>"; };
		3F79391D21EAE01B003A590F /* Info.plist */ = {isa = PBXFileReference; lastKnownFileType = text.plist.xml; path = Info.plist; sourceTree = "<group>"; };
		3F79392521EAE873003A590F /* LoginSceneController.swift */ = {isa = PBXFileReference; lastKnownFileType = sourcecode.swift; path = LoginSceneController.swift; sourceTree = "<group>"; };
		3F79392721EBBEDF003A590F /* GameSceneViewController.swift */ = {isa = PBXFileReference; lastKnownFileType = sourcecode.swift; path = GameSceneViewController.swift; sourceTree = "<group>"; };
		3F79392921EC1363003A590F /* Deck.swift */ = {isa = PBXFileReference; lastKnownFileType = sourcecode.swift; path = Deck.swift; sourceTree = "<group>"; };
		3F79392B21EC13B4003A590F /* Card.swift */ = {isa = PBXFileReference; lastKnownFileType = sourcecode.swift; path = Card.swift; sourceTree = "<group>"; };
		3F79392D21EC1832003A590F /* JokerType.swift */ = {isa = PBXFileReference; lastKnownFileType = sourcecode.swift; path = JokerType.swift; sourceTree = "<group>"; };
		3F79392F21EC1958003A590F /* NumCard.swift */ = {isa = PBXFileReference; lastKnownFileType = sourcecode.swift; path = NumCard.swift; sourceTree = "<group>"; };
		3F79393121EC196F003A590F /* JokerCard.swift */ = {isa = PBXFileReference; lastKnownFileType = sourcecode.swift; path = JokerCard.swift; sourceTree = "<group>"; };
		3F79393321EC1A3A003A590F /* utilities.swift */ = {isa = PBXFileReference; lastKnownFileType = sourcecode.swift; path = utilities.swift; sourceTree = "<group>"; };
		3F79393521EC1F17003A590F /* FTButtonNode.swift */ = {isa = PBXFileReference; lastKnownFileType = sourcecode.swift; path = FTButtonNode.swift; sourceTree = "<group>"; };
		3F79393921EC3089003A590F /* DouDiZhuGame.swift */ = {isa = PBXFileReference; lastKnownFileType = sourcecode.swift; path = DouDiZhuGame.swift; sourceTree = "<group>"; };
		3F79394321ED818A003A590F /* CardButtonNode.swift */ = {isa = PBXFileReference; lastKnownFileType = sourcecode.swift; path = CardButtonNode.swift; sourceTree = "<group>"; };
		3F79394521F02814003A590F /* Assets.xcassets */ = {isa = PBXFileReference; lastKnownFileType = folder.assetcatalog; path = Assets.xcassets; sourceTree = "<group>"; };
		3F79394721F2C061003A590F /* Player.swift */ = {isa = PBXFileReference; lastKnownFileType = sourcecode.swift; path = Player.swift; sourceTree = "<group>"; };
		3F79394921F2C0BE003A590F /* ComputerPlayer.swift */ = {isa = PBXFileReference; lastKnownFileType = sourcecode.swift; path = ComputerPlayer.swift; sourceTree = "<group>"; };
		3F79394B21F2C586003A590F /* HumanPlayer.swift */ = {isa = PBXFileReference; lastKnownFileType = sourcecode.swift; path = HumanPlayer.swift; sourceTree = "<group>"; };
/* End PBXFileReference section */

/* Begin PBXFrameworksBuildPhase section */
		3F79390521EAE019003A590F /* Frameworks */ = {
			isa = PBXFrameworksBuildPhase;
			buildActionMask = 2147483647;
			files = (
			);
			runOnlyForDeploymentPostprocessing = 0;
		};
/* End PBXFrameworksBuildPhase section */

/* Begin PBXGroup section */
		3F7938FF21EAE019003A590F = {
			isa = PBXGroup;
			children = (
				3F79390A21EAE019003A590F /* DouDiZhuAI */,
				3F79390921EAE019003A590F /* Products */,
			);
			sourceTree = "<group>";
		};
		3F79390921EAE019003A590F /* Products */ = {
			isa = PBXGroup;
			children = (
				3F79390821EAE019003A590F /* DouDiZhuAI.app */,
			);
			name = Products;
			sourceTree = "<group>";
		};
		3F79390A21EAE019003A590F /* DouDiZhuAI */ = {
			isa = PBXGroup;
			children = (
				3F79390B21EAE019003A590F /* AppDelegate.swift */,
				3F79390F21EAE019003A590F /* Actions.sks */,
				3F79394521F02814003A590F /* Assets.xcassets */,
				3F79391121EAE019003A590F /* GameScene.swift */,
				3F79394B21F2C586003A590F /* HumanPlayer.swift */,
				3F79394721F2C061003A590F /* Player.swift */,
				3F79394921F2C0BE003A590F /* ComputerPlayer.swift */,
				3F79392921EC1363003A590F /* Deck.swift */,
				3F79393321EC1A3A003A590F /* utilities.swift */,
				3F79392B21EC13B4003A590F /* Card.swift */,
				3F79393121EC196F003A590F /* JokerCard.swift */,
				3F79392F21EC1958003A590F /* NumCard.swift */,
				3F79392D21EC1832003A590F /* JokerType.swift */,
				3F79393921EC3089003A590F /* DouDiZhuGame.swift */,
				3F79391521EAE019003A590F /* Main.storyboard */,
				3F79393521EC1F17003A590F /* FTButtonNode.swift */,
				3F79392721EBBEDF003A590F /* GameSceneViewController.swift */,
				3F79392521EAE873003A590F /* LoginSceneController.swift */,
				3F79391A21EAE01B003A590F /* LaunchScreen.storyboard */,
				3F79391D21EAE01B003A590F /* Info.plist */,
				3F79394321ED818A003A590F /* CardButtonNode.swift */,
			);
			path = DouDiZhuAI;
			sourceTree = "<group>";
		};
/* End PBXGroup section */

/* Begin PBXNativeTarget section */
		3F79390721EAE019003A590F /* DouDiZhuAI */ = {
			isa = PBXNativeTarget;
			buildConfigurationList = 3F79392021EAE01B003A590F /* Build configuration list for PBXNativeTarget "DouDiZhuAI" */;
			buildPhases = (
				3F79390421EAE019003A590F /* Sources */,
				3F79390521EAE019003A590F /* Frameworks */,
				3F79390621EAE019003A590F /* Resources */,
			);
			buildRules = (
			);
			dependencies = (
			);
			name = DouDiZhuAI;
			productName = DouDiZhuAI;
			productReference = 3F79390821EAE019003A590F /* DouDiZhuAI.app */;
			productType = "com.apple.product-type.application";
		};
/* End PBXNativeTarget section */

/* Begin PBXProject section */
		3F79390021EAE019003A590F /* Project object */ = {
			isa = PBXProject;
			attributes = {
				LastSwiftUpdateCheck = 1010;
				LastUpgradeCheck = 1010;
				ORGANIZATIONNAME = "yunkai wang";
				TargetAttributes = {
					3F79390721EAE019003A590F = {
						CreatedOnToolsVersion = 10.1;
					};
				};
			};
			buildConfigurationList = 3F79390321EAE019003A590F /* Build configuration list for PBXProject "DouDiZhuAI" */;
			compatibilityVersion = "Xcode 9.3";
			developmentRegion = en;
			hasScannedForEncodings = 0;
			knownRegions = (
				en,
				Base,
			);
			mainGroup = 3F7938FF21EAE019003A590F;
			productRefGroup = 3F79390921EAE019003A590F /* Products */;
			projectDirPath = "";
			projectRoot = "";
			targets = (
				3F79390721EAE019003A590F /* DouDiZhuAI */,
			);
		};
/* End PBXProject section */

/* Begin PBXResourcesBuildPhase section */
		3F79390621EAE019003A590F /* Resources */ = {
			isa = PBXResourcesBuildPhase;
			buildActionMask = 2147483647;
			files = (
				3F79391721EAE019003A590F /* Main.storyboard in Resources */,
				3F79391C21EAE01B003A590F /* LaunchScreen.storyboard in Resources */,
				3F79394621F02814003A590F /* Assets.xcassets in Resources */,
				3F79391021EAE019003A590F /* Actions.sks in Resources */,
			);
			runOnlyForDeploymentPostprocessing = 0;
		};
/* End PBXResourcesBuildPhase section */

/* Begin PBXSourcesBuildPhase section */
		3F79390421EAE019003A590F /* Sources */ = {
			isa = PBXSourcesBuildPhase;
			buildActionMask = 2147483647;
			files = (
				3F79393621EC1F17003A590F /* FTButtonNode.swift in Sources */,
				3F79391221EAE019003A590F /* GameScene.swift in Sources */,
				3F79394C21F2C586003A590F /* HumanPlayer.swift in Sources */,
				3F79394A21F2C0BE003A590F /* ComputerPlayer.swift in Sources */,
				3F79392C21EC13B4003A590F /* Card.swift in Sources */,
				3F79393A21EC3089003A590F /* DouDiZhuGame.swift in Sources */,
				3F79394821F2C061003A590F /* Player.swift in Sources */,
				3F79393021EC1958003A590F /* NumCard.swift in Sources */,
				3F79392821EBBEDF003A590F /* GameSceneViewController.swift in Sources */,
				3F79394421ED818A003A590F /* CardButtonNode.swift in Sources */,
				3F79392E21EC1832003A590F /* JokerType.swift in Sources */,
				3F79392A21EC1363003A590F /* Deck.swift in Sources */,
				3F79393421EC1A3A003A590F /* utilities.swift in Sources */,
				3F79392621EAE873003A590F /* LoginSceneController.swift in Sources */,
				3F79390C21EAE019003A590F /* AppDelegate.swift in Sources */,
				3F79393221EC196F003A590F /* JokerCard.swift in Sources */,
			);
			runOnlyForDeploymentPostprocessing = 0;
		};
/* End PBXSourcesBuildPhase section */

/* Begin PBXVariantGroup section */
		3F79391521EAE019003A590F /* Main.storyboard */ = {
			isa = PBXVariantGroup;
			children = (
				3F79391621EAE019003A590F /* Base */,
			);
			name = Main.storyboard;
			sourceTree = "<group>";
		};
		3F79391A21EAE01B003A590F /* LaunchScreen.storyboard */ = {
			isa = PBXVariantGroup;
			children = (
				3F79391B21EAE01B003A590F /* Base */,
			);
			name = LaunchScreen.storyboard;
			sourceTree = "<group>";
		};
/* End PBXVariantGroup section */

/* Begin XCBuildConfiguration section */
		3F79391E21EAE01B003A590F /* Debug */ = {
			isa = XCBuildConfiguration;
			buildSettings = {
				ALWAYS_SEARCH_USER_PATHS = NO;
				CLANG_ANALYZER_NONNULL = YES;
				CLANG_ANALYZER_NUMBER_OBJECT_CONVERSION = YES_AGGRESSIVE;
				CLANG_CXX_LANGUAGE_STANDARD = "gnu++14";
				CLANG_CXX_LIBRARY = "libc++";
				CLANG_ENABLE_MODULES = YES;
				CLANG_ENABLE_OBJC_ARC = YES;
				CLANG_ENABLE_OBJC_WEAK = YES;
				CLANG_WARN_BLOCK_CAPTURE_AUTORELEASING = YES;
				CLANG_WARN_BOOL_CONVERSION = YES;
				CLANG_WARN_COMMA = YES;
				CLANG_WARN_CONSTANT_CONVERSION = YES;
				CLANG_WARN_DEPRECATED_OBJC_IMPLEMENTATIONS = YES;
				CLANG_WARN_DIRECT_OBJC_ISA_USAGE = YES_ERROR;
				CLANG_WARN_DOCUMENTATION_COMMENTS = YES;
				CLANG_WARN_EMPTY_BODY = YES;
				CLANG_WARN_ENUM_CONVERSION = YES;
				CLANG_WARN_INFINITE_RECURSION = YES;
				CLANG_WARN_INT_CONVERSION = YES;
				CLANG_WARN_NON_LITERAL_NULL_CONVERSION = YES;
				CLANG_WARN_OBJC_IMPLICIT_RETAIN_SELF = YES;
				CLANG_WARN_OBJC_LITERAL_CONVERSION = YES;
				CLANG_WARN_OBJC_ROOT_CLASS = YES_ERROR;
				CLANG_WARN_RANGE_LOOP_ANALYSIS = YES;
				CLANG_WARN_STRICT_PROTOTYPES = YES;
				CLANG_WARN_SUSPICIOUS_MOVE = YES;
				CLANG_WARN_UNGUARDED_AVAILABILITY = YES_AGGRESSIVE;
				CLANG_WARN_UNREACHABLE_CODE = YES;
				CLANG_WARN__DUPLICATE_METHOD_MATCH = YES;
				CODE_SIGN_IDENTITY = "iPhone Developer";
				COPY_PHASE_STRIP = NO;
				DEBUG_INFORMATION_FORMAT = dwarf;
				ENABLE_STRICT_OBJC_MSGSEND = YES;
				ENABLE_TESTABILITY = YES;
				GCC_C_LANGUAGE_STANDARD = gnu11;
				GCC_DYNAMIC_NO_PIC = NO;
				GCC_NO_COMMON_BLOCKS = YES;
				GCC_OPTIMIZATION_LEVEL = 0;
				GCC_PREPROCESSOR_DEFINITIONS = (
					"DEBUG=1",
					"$(inherited)",
				);
				GCC_WARN_64_TO_32_BIT_CONVERSION = YES;
				GCC_WARN_ABOUT_RETURN_TYPE = YES_ERROR;
				GCC_WARN_UNDECLARED_SELECTOR = YES;
				GCC_WARN_UNINITIALIZED_AUTOS = YES_AGGRESSIVE;
				GCC_WARN_UNUSED_FUNCTION = YES;
				GCC_WARN_UNUSED_VARIABLE = YES;
				IPHONEOS_DEPLOYMENT_TARGET = 12.1;
				MTL_ENABLE_DEBUG_INFO = INCLUDE_SOURCE;
				MTL_FAST_MATH = YES;
				ONLY_ACTIVE_ARCH = YES;
				SDKROOT = iphoneos;
				SWIFT_ACTIVE_COMPILATION_CONDITIONS = DEBUG;
				SWIFT_OPTIMIZATION_LEVEL = "-Onone";
			};
			name = Debug;
		};
		3F79391F21EAE01B003A590F /* Release */ = {
			isa = XCBuildConfiguration;
			buildSettings = {
				ALWAYS_SEARCH_USER_PATHS = NO;
				CLANG_ANALYZER_NONNULL = YES;
				CLANG_ANALYZER_NUMBER_OBJECT_CONVERSION = YES_AGGRESSIVE;
				CLANG_CXX_LANGUAGE_STANDARD = "gnu++14";
				CLANG_CXX_LIBRARY = "libc++";
				CLANG_ENABLE_MODULES = YES;
				CLANG_ENABLE_OBJC_ARC = YES;
				CLANG_ENABLE_OBJC_WEAK = YES;
				CLANG_WARN_BLOCK_CAPTURE_AUTORELEASING = YES;
				CLANG_WARN_BOOL_CONVERSION = YES;
				CLANG_WARN_COMMA = YES;
				CLANG_WARN_CONSTANT_CONVERSION = YES;
				CLANG_WARN_DEPRECATED_OBJC_IMPLEMENTATIONS = YES;
				CLANG_WARN_DIRECT_OBJC_ISA_USAGE = YES_ERROR;
				CLANG_WARN_DOCUMENTATION_COMMENTS = YES;
				CLANG_WARN_EMPTY_BODY = YES;
				CLANG_WARN_ENUM_CONVERSION = YES;
				CLANG_WARN_INFINITE_RECURSION = YES;
				CLANG_WARN_INT_CONVERSION = YES;
				CLANG_WARN_NON_LITERAL_NULL_CONVERSION = YES;
				CLANG_WARN_OBJC_IMPLICIT_RETAIN_SELF = YES;
				CLANG_WARN_OBJC_LITERAL_CONVERSION = YES;
				CLANG_WARN_OBJC_ROOT_CLASS = YES_ERROR;
				CLANG_WARN_RANGE_LOOP_ANALYSIS = YES;
				CLANG_WARN_STRICT_PROTOTYPES = YES;
				CLANG_WARN_SUSPICIOUS_MOVE = YES;
				CLANG_WARN_UNGUARDED_AVAILABILITY = YES_AGGRESSIVE;
				CLANG_WARN_UNREACHABLE_CODE = YES;
				CLANG_WARN__DUPLICATE_METHOD_MATCH = YES;
				CODE_SIGN_IDENTITY = "iPhone Developer";
				COPY_PHASE_STRIP = NO;
				DEBUG_INFORMATION_FORMAT = "dwarf-with-dsym";
				ENABLE_NS_ASSERTIONS = NO;
				ENABLE_STRICT_OBJC_MSGSEND = YES;
				GCC_C_LANGUAGE_STANDARD = gnu11;
				GCC_NO_COMMON_BLOCKS = YES;
				GCC_WARN_64_TO_32_BIT_CONVERSION = YES;
				GCC_WARN_ABOUT_RETURN_TYPE = YES_ERROR;
				GCC_WARN_UNDECLARED_SELECTOR = YES;
				GCC_WARN_UNINITIALIZED_AUTOS = YES_AGGRESSIVE;
				GCC_WARN_UNUSED_FUNCTION = YES;
				GCC_WARN_UNUSED_VARIABLE = YES;
				IPHONEOS_DEPLOYMENT_TARGET = 12.1;
				MTL_ENABLE_DEBUG_INFO = NO;
				MTL_FAST_MATH = YES;
				SDKROOT = iphoneos;
				SWIFT_COMPILATION_MODE = wholemodule;
				SWIFT_OPTIMIZATION_LEVEL = "-O";
				VALIDATE_PRODUCT = YES;
			};
			name = Release;
		};
		3F79392121EAE01B003A590F /* Debug */ = {
			isa = XCBuildConfiguration;
			buildSettings = {
				ASSETCATALOG_COMPILER_APPICON_NAME = AppIcon;
				CODE_SIGN_STYLE = Automatic;
				DEVELOPMENT_TEAM = 363F7V5MM3;
				INFOPLIST_FILE = DouDiZhuAI/Info.plist;
				LD_RUNPATH_SEARCH_PATHS = (
					"$(inherited)",
					"@executable_path/Frameworks",
				);
				PRODUCT_BUNDLE_IDENTIFIER = CarletonU.DouDiZhuAI12345;
				PRODUCT_NAME = "$(TARGET_NAME)";
				SWIFT_VERSION = 4.2;
				TARGETED_DEVICE_FAMILY = "1,2";
			};
			name = Debug;
		};
		3F79392221EAE01B003A590F /* Release */ = {
			isa = XCBuildConfiguration;
			buildSettings = {
				ASSETCATALOG_COMPILER_APPICON_NAME = AppIcon;
				CODE_SIGN_STYLE = Automatic;
				DEVELOPMENT_TEAM = 363F7V5MM3;
				INFOPLIST_FILE = DouDiZhuAI/Info.plist;
				LD_RUNPATH_SEARCH_PATHS = (
					"$(inherited)",
					"@executable_path/Frameworks",
				);
				PRODUCT_BUNDLE_IDENTIFIER = CarletonU.DouDiZhuAI12345;
				PRODUCT_NAME = "$(TARGET_NAME)";
				SWIFT_VERSION = 4.2;
				TARGETED_DEVICE_FAMILY = "1,2";
			};
			name = Release;
		};
/* End XCBuildConfiguration section */

/* Begin XCConfigurationList section */
		3F79390321EAE019003A590F /* Build configuration list for PBXProject "DouDiZhuAI" */ = {
			isa = XCConfigurationList;
			buildConfigurations = (
				3F79391E21EAE01B003A590F /* Debug */,
				3F79391F21EAE01B003A590F /* Release */,
			);
			defaultConfigurationIsVisible = 0;
			defaultConfigurationName = Release;
		};
		3F79392021EAE01B003A590F /* Build configuration list for PBXNativeTarget "DouDiZhuAI" */ = {
			isa = XCConfigurationList;
			buildConfigurations = (
				3F79392121EAE01B003A590F /* Debug */,
				3F79392221EAE01B003A590F /* Release */,
			);
			defaultConfigurationIsVisible = 0;
			defaultConfigurationName = Release;
		};
/* End XCConfigurationList section */
	};
	rootObject = 3F79390021EAE019003A590F /* Project object */;
}
